
Microsoft Visual Studio Solution File, Format Version 12.00
# Visual Studio Version 17
VisualStudioVersion = 17.3.32819.101
MinimumVisualStudioVersion = 10.0.40219.1
Project("{2150E333-8FDC-42A3-9474-1A3956D46DE8}") = "src", "src", "{961CF067-6789-45FF-B97E-837A17578205}"
EndProject
Project("{2150E333-8FDC-42A3-9474-1A3956D46DE8}") = "docs", "docs", "{2DC75D50-42AE-4B38-B0E5-85BD2225B922}"
EndProject
Project("{2150E333-8FDC-42A3-9474-1A3956D46DE8}") = "examples", "examples", "{AB474013-D5EC-4B2C-88FA-48E597166089}"
EndProject
Project("{2150E333-8FDC-42A3-9474-1A3956D46DE8}") = "test", "test", "{8DC3A47A-468C-4C1B-9841-E70DEC8ED7C5}"
EndProject
Project("{2150E333-8FDC-42A3-9474-1A3956D46DE8}") = "Library", "Library", "{A6F1F9BD-DFDE-47FB-94A1-59D8B645D4CB}"
EndProject
Project("{2150E333-8FDC-42A3-9474-1A3956D46DE8}") = "Presentation - Library", "Presentation - Library", "{F2BC856E-FEC3-4AF2-9D2D-B03E63DCBFB2}"
EndProject
Project("{2150E333-8FDC-42A3-9474-1A3956D46DE8}") = "Presentation - App", "Presentation - App", "{898AAA50-F06B-4523-84CA-218FEC13B732}"
EndProject
Project("{9A19103F-16F7-4668-BE54-9A1E7A4F7556}") = "JoberMQ", "src\JoberMQ\JoberMQ.csproj", "{A0407163-4045-4445-93AA-5F6E0C1135C1}"
EndProject
Project("{9A19103F-16F7-4668-BE54-9A1E7A4F7556}") = "JoberMQ.Broker", "src\JoberMQ.Broker\JoberMQ.Broker.csproj", "{43488F25-CEFD-4BBD-ADE4-16BF2DDB6D51}"
EndProject
Project("{9A19103F-16F7-4668-BE54-9A1E7A4F7556}") = "JoberMQ.Client", "src\JoberMQ.Client\JoberMQ.Client.csproj", "{E1056E05-81D9-41F6-A88E-97753EBF4CFB}"
EndProject
Project("{9A19103F-16F7-4668-BE54-9A1E7A4F7556}") = "JoberMQ.Common", "src\JoberMQ.Common\JoberMQ.Common.csproj", "{94368A41-8156-46A7-88D6-AF634D86A5B6}"
EndProject
Project("{9A19103F-16F7-4668-BE54-9A1E7A4F7556}") = "JoberMQ.Configuration", "src\JoberMQ.Configuration\JoberMQ.Configuration.csproj", "{7FF60B6A-06C3-49A3-A193-B22E7F2286FE}"
EndProject
Project("{9A19103F-16F7-4668-BE54-9A1E7A4F7556}") = "JoberMQ.Database", "src\JoberMQ.Database\JoberMQ.Database.csproj", "{623DDB80-BF65-4D3B-AB74-C58F81D3CAE7}"
EndProject
Project("{9A19103F-16F7-4668-BE54-9A1E7A4F7556}") = "JoberMQ.Distributor", "src\JoberMQ.Distributor\JoberMQ.Distributor.csproj", "{31FBF2B5-CA03-4BFC-B231-2D69EB21382A}"
EndProject
Project("{9A19103F-16F7-4668-BE54-9A1E7A4F7556}") = "JoberMQ.Publisher", "src\JoberMQ.Publisher\JoberMQ.Publisher.csproj", "{A4FC1F5A-2A8E-40BC-A830-5392FCED58B7}"
EndProject
Project("{9A19103F-16F7-4668-BE54-9A1E7A4F7556}") = "JoberMQ.Queue", "src\JoberMQ.Queue\JoberMQ.Queue.csproj", "{4DB7924C-BF63-47D3-B207-B5DBE4882159}"
EndProject
Project("{9A19103F-16F7-4668-BE54-9A1E7A4F7556}") = "JoberMQ.Timing", "src\JoberMQ.Timing\JoberMQ.Timing.csproj", "{784A4614-F558-484E-8062-8230DB2F998F}"
EndProject
Project("{9A19103F-16F7-4668-BE54-9A1E7A4F7556}") = "JoberMQ.Server.Example.ConsoleApp", "examples\JoberMQ.Server.Example.ConsoleApp\JoberMQ.Server.Example.ConsoleApp.csproj", "{6E556A96-DA27-47C7-AE34-AAB8FAAFBA40}"
EndProject
Global
	GlobalSection(SolutionConfigurationPlatforms) = preSolution
		Debug|Any CPU = Debug|Any CPU
		Release|Any CPU = Release|Any CPU
	EndGlobalSection
	GlobalSection(ProjectConfigurationPlatforms) = postSolution
		{A0407163-4045-4445-93AA-5F6E0C1135C1}.Debug|Any CPU.ActiveCfg = Debug|Any CPU
		{A0407163-4045-4445-93AA-5F6E0C1135C1}.Debug|Any CPU.Build.0 = Debug|Any CPU
		{A0407163-4045-4445-93AA-5F6E0C1135C1}.Release|Any CPU.ActiveCfg = Release|Any CPU
		{A0407163-4045-4445-93AA-5F6E0C1135C1}.Release|Any CPU.Build.0 = Release|Any CPU
		{43488F25-CEFD-4BBD-ADE4-16BF2DDB6D51}.Debug|Any CPU.ActiveCfg = Debug|Any CPU
		{43488F25-CEFD-4BBD-ADE4-16BF2DDB6D51}.Debug|Any CPU.Build.0 = Debug|Any CPU
		{43488F25-CEFD-4BBD-ADE4-16BF2DDB6D51}.Release|Any CPU.ActiveCfg = Release|Any CPU
		{43488F25-CEFD-4BBD-ADE4-16BF2DDB6D51}.Release|Any CPU.Build.0 = Release|Any CPU
		{E1056E05-81D9-41F6-A88E-97753EBF4CFB}.Debug|Any CPU.ActiveCfg = Debug|Any CPU
		{E1056E05-81D9-41F6-A88E-97753EBF4CFB}.Debug|Any CPU.Build.0 = Debug|Any CPU
		{E1056E05-81D9-41F6-A88E-97753EBF4CFB}.Release|Any CPU.ActiveCfg = Release|Any CPU
		{E1056E05-81D9-41F6-A88E-97753EBF4CFB}.Release|Any CPU.Build.0 = Release|Any CPU
		{94368A41-8156-46A7-88D6-AF634D86A5B6}.Debug|Any CPU.ActiveCfg = Debug|Any CPU
		{94368A41-8156-46A7-88D6-AF634D86A5B6}.Debug|Any CPU.Build.0 = Debug|Any CPU
		{94368A41-8156-46A7-88D6-AF634D86A5B6}.Release|Any CPU.ActiveCfg = Release|Any CPU
		{94368A41-8156-46A7-88D6-AF634D86A5B6}.Release|Any CPU.Build.0 = Release|Any CPU
		{7FF60B6A-06C3-49A3-A193-B22E7F2286FE}.Debug|Any CPU.ActiveCfg = Debug|Any CPU
		{7FF60B6A-06C3-49A3-A193-B22E7F2286FE}.Debug|Any CPU.Build.0 = Debug|Any CPU
		{7FF60B6A-06C3-49A3-A193-B22E7F2286FE}.Release|Any CPU.ActiveCfg = Release|Any CPU
		{7FF60B6A-06C3-49A3-A193-B22E7F2286FE}.Release|Any CPU.Build.0 = Release|Any CPU
		{623DDB80-BF65-4D3B-AB74-C58F81D3CAE7}.Debug|Any CPU.ActiveCfg = Debug|Any CPU
		{623DDB80-BF65-4D3B-AB74-C58F81D3CAE7}.Debug|Any CPU.Build.0 = Debug|Any CPU
		{623DDB80-BF65-4D3B-AB74-C58F81D3CAE7}.Release|Any CPU.ActiveCfg = Release|Any CPU
		{623DDB80-BF65-4D3B-AB74-C58F81D3CAE7}.Release|Any CPU.Build.0 = Release|Any CPU
		{31FBF2B5-CA03-4BFC-B231-2D69EB21382A}.Debug|Any CPU.ActiveCfg = Debug|Any CPU
		{31FBF2B5-CA03-4BFC-B231-2D69EB21382A}.Debug|Any CPU.Build.0 = Debug|Any CPU
		{31FBF2B5-CA03-4BFC-B231-2D69EB21382A}.Release|Any CPU.ActiveCfg = Release|Any CPU
		{31FBF2B5-CA03-4BFC-B231-2D69EB21382A}.Release|Any CPU.Build.0 = Release|Any CPU
		{A4FC1F5A-2A8E-40BC-A830-5392FCED58B7}.Debug|Any CPU.ActiveCfg = Debug|Any CPU
		{A4FC1F5A-2A8E-40BC-A830-5392FCED58B7}.Debug|Any CPU.Build.0 = Debug|Any CPU
		{A4FC1F5A-2A8E-40BC-A830-5392FCED58B7}.Release|Any CPU.ActiveCfg = Release|Any CPU
		{A4FC1F5A-2A8E-40BC-A830-5392FCED58B7}.Release|Any CPU.Build.0 = Release|Any CPU
		{4DB7924C-BF63-47D3-B207-B5DBE4882159}.Debug|Any CPU.ActiveCfg = Debug|Any CPU
		{4DB7924C-BF63-47D3-B207-B5DBE4882159}.Debug|Any CPU.Build.0 = Debug|Any CPU
		{4DB7924C-BF63-47D3-B207-B5DBE4882159}.Release|Any CPU.ActiveCfg = Release|Any CPU
		{4DB7924C-BF63-47D3-B207-B5DBE4882159}.Release|Any CPU.Build.0 = Release|Any CPU
		{784A4614-F558-484E-8062-8230DB2F998F}.Debug|Any CPU.ActiveCfg = Debug|Any CPU
		{784A4614-F558-484E-8062-8230DB2F998F}.Debug|Any CPU.Build.0 = Debug|Any CPU
		{784A4614-F558-484E-8062-8230DB2F998F}.Release|Any CPU.ActiveCfg = Release|Any CPU
		{784A4614-F558-484E-8062-8230DB2F998F}.Release|Any CPU.Build.0 = Release|Any CPU
		{6E556A96-DA27-47C7-AE34-AAB8FAAFBA40}.Debug|Any CPU.ActiveCfg = Debug|Any CPU
		{6E556A96-DA27-47C7-AE34-AAB8FAAFBA40}.Debug|Any CPU.Build.0 = Debug|Any CPU
		{6E556A96-DA27-47C7-AE34-AAB8FAAFBA40}.Release|Any CPU.ActiveCfg = Release|Any CPU
		{6E556A96-DA27-47C7-AE34-AAB8FAAFBA40}.Release|Any CPU.Build.0 = Release|Any CPU
	EndGlobalSection
	GlobalSection(SolutionProperties) = preSolution
		HideSolutionNode = FALSE
	EndGlobalSection
	GlobalSection(NestedProjects) = preSolution
		{A6F1F9BD-DFDE-47FB-94A1-59D8B645D4CB} = {961CF067-6789-45FF-B97E-837A17578205}
		{F2BC856E-FEC3-4AF2-9D2D-B03E63DCBFB2} = {961CF067-6789-45FF-B97E-837A17578205}
		{898AAA50-F06B-4523-84CA-218FEC13B732} = {961CF067-6789-45FF-B97E-837A17578205}
		{A0407163-4045-4445-93AA-5F6E0C1135C1} = {F2BC856E-FEC3-4AF2-9D2D-B03E63DCBFB2}
		{43488F25-CEFD-4BBD-ADE4-16BF2DDB6D51} = {A6F1F9BD-DFDE-47FB-94A1-59D8B645D4CB}
		{E1056E05-81D9-41F6-A88E-97753EBF4CFB} = {A6F1F9BD-DFDE-47FB-94A1-59D8B645D4CB}
		{94368A41-8156-46A7-88D6-AF634D86A5B6} = {A6F1F9BD-DFDE-47FB-94A1-59D8B645D4CB}
		{7FF60B6A-06C3-49A3-A193-B22E7F2286FE} = {A6F1F9BD-DFDE-47FB-94A1-59D8B645D4CB}
		{623DDB80-BF65-4D3B-AB74-C58F81D3CAE7} = {A6F1F9BD-DFDE-47FB-94A1-59D8B645D4CB}
		{31FBF2B5-CA03-4BFC-B231-2D69EB21382A} = {A6F1F9BD-DFDE-47FB-94A1-59D8B645D4CB}
		{A4FC1F5A-2A8E-40BC-A830-5392FCED58B7} = {A6F1F9BD-DFDE-47FB-94A1-59D8B645D4CB}
		{4DB7924C-BF63-47D3-B207-B5DBE4882159} = {A6F1F9BD-DFDE-47FB-94A1-59D8B645D4CB}
		{784A4614-F558-484E-8062-8230DB2F998F} = {A6F1F9BD-DFDE-47FB-94A1-59D8B645D4CB}
		{6E556A96-DA27-47C7-AE34-AAB8FAAFBA40} = {AB474013-D5EC-4B2C-88FA-48E597166089}
	EndGlobalSection
	GlobalSection(ExtensibilityGlobals) = postSolution
		SolutionGuid = {4545C350-15EB-420A-BB52-D51F01843630}
	EndGlobalSection
EndGlobal
