
Microsoft Visual Studio Solution File, Format Version 12.00
# Visual Studio Version 17
VisualStudioVersion = 17.3.32819.101
MinimumVisualStudioVersion = 10.0.40219.1
Project("{2150E333-8FDC-42A3-9474-1A3956D46DE8}") = "src", "src", "{961CF067-6789-45FF-B97E-837A17578205}"
EndProject
Project("{2150E333-8FDC-42A3-9474-1A3956D46DE8}") = "docs", "docs", "{2DC75D50-42AE-4B38-B0E5-85BD2225B922}"
EndProject
Project("{2150E333-8FDC-42A3-9474-1A3956D46DE8}") = "examples", "examples", "{AB474013-D5EC-4B2C-88FA-48E597166089}"
EndProject
Project("{2150E333-8FDC-42A3-9474-1A3956D46DE8}") = "test", "test", "{8DC3A47A-468C-4C1B-9841-E70DEC8ED7C5}"
EndProject
Project("{9A19103F-16F7-4668-BE54-9A1E7A4F7556}") = "JoberMQ.Server.Example.ConsoleApp", "examples\JoberMQ.Server.Example.ConsoleApp\JoberMQ.Server.Example.ConsoleApp.csproj", "{53C24B60-CD5B-42B8-A126-BD965F2A261C}"
EndProject
Project("{9A19103F-16F7-4668-BE54-9A1E7A4F7556}") = "JoberMQ.Broker", "src\JoberMQ.Broker\JoberMQ.Broker.csproj", "{93482E08-2C0D-475D-AB7F-3A6F8D81399B}"
EndProject
Project("{9A19103F-16F7-4668-BE54-9A1E7A4F7556}") = "JoberMQ.Client", "src\JoberMQ.Client\JoberMQ.Client.csproj", "{C8B6C1FC-2876-4921-8FA3-D8DB362DB0A2}"
EndProject
Project("{9A19103F-16F7-4668-BE54-9A1E7A4F7556}") = "JoberMQ.Common", "src\JoberMQ.Common\JoberMQ.Common.csproj", "{F5204C77-A342-461B-8FCB-FC8473C1DBB3}"
EndProject
Project("{9A19103F-16F7-4668-BE54-9A1E7A4F7556}") = "JoberMQ.Database", "src\JoberMQ.Database\JoberMQ.Database.csproj", "{B843017E-DDA9-4C87-950F-B742CCF08CB7}"
EndProject
Project("{9A19103F-16F7-4668-BE54-9A1E7A4F7556}") = "JoberMQ.Distributor", "src\JoberMQ.Distributor\JoberMQ.Distributor.csproj", "{6501295E-0A14-4F03-B82E-462DB80396E3}"
EndProject
Project("{9A19103F-16F7-4668-BE54-9A1E7A4F7556}") = "JoberMQ.Queue", "src\JoberMQ.Queue\JoberMQ.Queue.csproj", "{1B32C0B3-1F8C-4030-95C8-2C78FEB3713A}"
EndProject
Project("{9A19103F-16F7-4668-BE54-9A1E7A4F7556}") = "JoberMQ.Timing", "src\JoberMQ.Timing\JoberMQ.Timing.csproj", "{6C572723-692B-40AA-A4AC-E1B8E10E0FB0}"
EndProject
Project("{2150E333-8FDC-42A3-9474-1A3956D46DE8}") = "Presentation - Library", "Presentation - Library", "{4EFAF6D6-0A0F-4E6F-8525-279E4B5B00BA}"
EndProject
Project("{2150E333-8FDC-42A3-9474-1A3956D46DE8}") = "Library", "Library", "{A6F1F9BD-DFDE-47FB-94A1-59D8B645D4CB}"
EndProject
Project("{2150E333-8FDC-42A3-9474-1A3956D46DE8}") = "Presentation - Library", "Presentation - Library", "{F2BC856E-FEC3-4AF2-9D2D-B03E63DCBFB2}"
EndProject
Project("{9A19103F-16F7-4668-BE54-9A1E7A4F7556}") = "JoberMQ", "src\JoberMQ\JoberMQ.csproj", "{FE778699-BA53-4918-AEE5-30039AF7E5D7}"
EndProject
Project("{2150E333-8FDC-42A3-9474-1A3956D46DE8}") = "Presentation - App", "Presentation - App", "{898AAA50-F06B-4523-84CA-218FEC13B732}"
EndProject
Project("{9A19103F-16F7-4668-BE54-9A1E7A4F7556}") = "JoberMQ.Server", "src\JoberMQ.Server\JoberMQ.Server.csproj", "{3E357A9E-55D7-479B-86BA-9E1FBA6680CA}"
EndProject
Global
	GlobalSection(SolutionConfigurationPlatforms) = preSolution
		Debug|Any CPU = Debug|Any CPU
		Release|Any CPU = Release|Any CPU
	EndGlobalSection
	GlobalSection(ProjectConfigurationPlatforms) = postSolution
		{53C24B60-CD5B-42B8-A126-BD965F2A261C}.Debug|Any CPU.ActiveCfg = Debug|Any CPU
		{53C24B60-CD5B-42B8-A126-BD965F2A261C}.Debug|Any CPU.Build.0 = Debug|Any CPU
		{53C24B60-CD5B-42B8-A126-BD965F2A261C}.Release|Any CPU.ActiveCfg = Release|Any CPU
		{53C24B60-CD5B-42B8-A126-BD965F2A261C}.Release|Any CPU.Build.0 = Release|Any CPU
		{93482E08-2C0D-475D-AB7F-3A6F8D81399B}.Debug|Any CPU.ActiveCfg = Debug|Any CPU
		{93482E08-2C0D-475D-AB7F-3A6F8D81399B}.Debug|Any CPU.Build.0 = Debug|Any CPU
		{93482E08-2C0D-475D-AB7F-3A6F8D81399B}.Release|Any CPU.ActiveCfg = Release|Any CPU
		{93482E08-2C0D-475D-AB7F-3A6F8D81399B}.Release|Any CPU.Build.0 = Release|Any CPU
		{C8B6C1FC-2876-4921-8FA3-D8DB362DB0A2}.Debug|Any CPU.ActiveCfg = Debug|Any CPU
		{C8B6C1FC-2876-4921-8FA3-D8DB362DB0A2}.Debug|Any CPU.Build.0 = Debug|Any CPU
		{C8B6C1FC-2876-4921-8FA3-D8DB362DB0A2}.Release|Any CPU.ActiveCfg = Release|Any CPU
		{C8B6C1FC-2876-4921-8FA3-D8DB362DB0A2}.Release|Any CPU.Build.0 = Release|Any CPU
		{F5204C77-A342-461B-8FCB-FC8473C1DBB3}.Debug|Any CPU.ActiveCfg = Debug|Any CPU
		{F5204C77-A342-461B-8FCB-FC8473C1DBB3}.Debug|Any CPU.Build.0 = Debug|Any CPU
		{F5204C77-A342-461B-8FCB-FC8473C1DBB3}.Release|Any CPU.ActiveCfg = Release|Any CPU
		{F5204C77-A342-461B-8FCB-FC8473C1DBB3}.Release|Any CPU.Build.0 = Release|Any CPU
		{B843017E-DDA9-4C87-950F-B742CCF08CB7}.Debug|Any CPU.ActiveCfg = Debug|Any CPU
		{B843017E-DDA9-4C87-950F-B742CCF08CB7}.Debug|Any CPU.Build.0 = Debug|Any CPU
		{B843017E-DDA9-4C87-950F-B742CCF08CB7}.Release|Any CPU.ActiveCfg = Release|Any CPU
		{B843017E-DDA9-4C87-950F-B742CCF08CB7}.Release|Any CPU.Build.0 = Release|Any CPU
		{6501295E-0A14-4F03-B82E-462DB80396E3}.Debug|Any CPU.ActiveCfg = Debug|Any CPU
		{6501295E-0A14-4F03-B82E-462DB80396E3}.Debug|Any CPU.Build.0 = Debug|Any CPU
		{6501295E-0A14-4F03-B82E-462DB80396E3}.Release|Any CPU.ActiveCfg = Release|Any CPU
		{6501295E-0A14-4F03-B82E-462DB80396E3}.Release|Any CPU.Build.0 = Release|Any CPU
		{1B32C0B3-1F8C-4030-95C8-2C78FEB3713A}.Debug|Any CPU.ActiveCfg = Debug|Any CPU
		{1B32C0B3-1F8C-4030-95C8-2C78FEB3713A}.Debug|Any CPU.Build.0 = Debug|Any CPU
		{1B32C0B3-1F8C-4030-95C8-2C78FEB3713A}.Release|Any CPU.ActiveCfg = Release|Any CPU
		{1B32C0B3-1F8C-4030-95C8-2C78FEB3713A}.Release|Any CPU.Build.0 = Release|Any CPU
		{6C572723-692B-40AA-A4AC-E1B8E10E0FB0}.Debug|Any CPU.ActiveCfg = Debug|Any CPU
		{6C572723-692B-40AA-A4AC-E1B8E10E0FB0}.Debug|Any CPU.Build.0 = Debug|Any CPU
		{6C572723-692B-40AA-A4AC-E1B8E10E0FB0}.Release|Any CPU.ActiveCfg = Release|Any CPU
		{6C572723-692B-40AA-A4AC-E1B8E10E0FB0}.Release|Any CPU.Build.0 = Release|Any CPU
		{FE778699-BA53-4918-AEE5-30039AF7E5D7}.Debug|Any CPU.ActiveCfg = Debug|Any CPU
		{FE778699-BA53-4918-AEE5-30039AF7E5D7}.Debug|Any CPU.Build.0 = Debug|Any CPU
		{FE778699-BA53-4918-AEE5-30039AF7E5D7}.Release|Any CPU.ActiveCfg = Release|Any CPU
		{FE778699-BA53-4918-AEE5-30039AF7E5D7}.Release|Any CPU.Build.0 = Release|Any CPU
		{3E357A9E-55D7-479B-86BA-9E1FBA6680CA}.Debug|Any CPU.ActiveCfg = Debug|Any CPU
		{3E357A9E-55D7-479B-86BA-9E1FBA6680CA}.Debug|Any CPU.Build.0 = Debug|Any CPU
		{3E357A9E-55D7-479B-86BA-9E1FBA6680CA}.Release|Any CPU.ActiveCfg = Release|Any CPU
		{3E357A9E-55D7-479B-86BA-9E1FBA6680CA}.Release|Any CPU.Build.0 = Release|Any CPU
	EndGlobalSection
	GlobalSection(SolutionProperties) = preSolution
		HideSolutionNode = FALSE
	EndGlobalSection
	GlobalSection(NestedProjects) = preSolution
		{53C24B60-CD5B-42B8-A126-BD965F2A261C} = {AB474013-D5EC-4B2C-88FA-48E597166089}
		{93482E08-2C0D-475D-AB7F-3A6F8D81399B} = {A6F1F9BD-DFDE-47FB-94A1-59D8B645D4CB}
		{C8B6C1FC-2876-4921-8FA3-D8DB362DB0A2} = {A6F1F9BD-DFDE-47FB-94A1-59D8B645D4CB}
		{F5204C77-A342-461B-8FCB-FC8473C1DBB3} = {A6F1F9BD-DFDE-47FB-94A1-59D8B645D4CB}
		{B843017E-DDA9-4C87-950F-B742CCF08CB7} = {A6F1F9BD-DFDE-47FB-94A1-59D8B645D4CB}
		{6501295E-0A14-4F03-B82E-462DB80396E3} = {A6F1F9BD-DFDE-47FB-94A1-59D8B645D4CB}
		{1B32C0B3-1F8C-4030-95C8-2C78FEB3713A} = {A6F1F9BD-DFDE-47FB-94A1-59D8B645D4CB}
		{6C572723-692B-40AA-A4AC-E1B8E10E0FB0} = {A6F1F9BD-DFDE-47FB-94A1-59D8B645D4CB}
		{A6F1F9BD-DFDE-47FB-94A1-59D8B645D4CB} = {961CF067-6789-45FF-B97E-837A17578205}
		{F2BC856E-FEC3-4AF2-9D2D-B03E63DCBFB2} = {961CF067-6789-45FF-B97E-837A17578205}
		{FE778699-BA53-4918-AEE5-30039AF7E5D7} = {F2BC856E-FEC3-4AF2-9D2D-B03E63DCBFB2}
		{898AAA50-F06B-4523-84CA-218FEC13B732} = {961CF067-6789-45FF-B97E-837A17578205}
		{3E357A9E-55D7-479B-86BA-9E1FBA6680CA} = {898AAA50-F06B-4523-84CA-218FEC13B732}
	EndGlobalSection
	GlobalSection(ExtensibilityGlobals) = postSolution
		SolutionGuid = {4545C350-15EB-420A-BB52-D51F01843630}
	EndGlobalSection
EndGlobal
