
Microsoft Visual Studio Solution File, Format Version 12.00
# Visual Studio Version 17
VisualStudioVersion = 17.3.32929.385
MinimumVisualStudioVersion = 10.0.40219.1
Project("{2150E333-8FDC-42A3-9474-1A3956D46DE8}") = "src", "src", "{EBC2BCEE-B44D-4115-A722-2633A810E452}"
EndProject
Project("{FAE04EC0-301F-11D3-BF4B-00C04F79EFBC}") = "JoberMQ.Entities", "src\JoberMQ.Entities\JoberMQ.Entities.csproj", "{93C96336-0D37-4200-A08B-CB7EA689D9E1}"
EndProject
Project("{FAE04EC0-301F-11D3-BF4B-00C04F79EFBC}") = "JoberMQ.Data", "src\JoberMQ.Data\JoberMQ.Data.csproj", "{C5DE5C6C-F78F-4641-8BFD-1381E158C86A}"
EndProject
Project("{FAE04EC0-301F-11D3-BF4B-00C04F79EFBC}") = "ConsoleApp1", "src\ConsoleApp1\ConsoleApp1.csproj", "{12062753-EDBF-4E3B-978C-BD5EC3EC2314}"
EndProject
Project("{FAE04EC0-301F-11D3-BF4B-00C04F79EFBC}") = "JoberMQ.Business", "src\JoberMQ.Business\JoberMQ.Business.csproj", "{558B7FA9-6499-4995-97FE-26294D6C5808}"
EndProject
Project("{FAE04EC0-301F-11D3-BF4B-00C04F79EFBC}") = "JoberMQ.Server", "src\JoberMQ.Server\JoberMQ.Server.csproj", "{78345CEB-49E5-41E6-949D-5719E7732E29}"
EndProject
Global
	GlobalSection(SolutionConfigurationPlatforms) = preSolution
		Debug|Any CPU = Debug|Any CPU
		Release|Any CPU = Release|Any CPU
	EndGlobalSection
	GlobalSection(ProjectConfigurationPlatforms) = postSolution
		{93C96336-0D37-4200-A08B-CB7EA689D9E1}.Debug|Any CPU.ActiveCfg = Debug|Any CPU
		{93C96336-0D37-4200-A08B-CB7EA689D9E1}.Debug|Any CPU.Build.0 = Debug|Any CPU
		{93C96336-0D37-4200-A08B-CB7EA689D9E1}.Release|Any CPU.ActiveCfg = Release|Any CPU
		{93C96336-0D37-4200-A08B-CB7EA689D9E1}.Release|Any CPU.Build.0 = Release|Any CPU
		{C5DE5C6C-F78F-4641-8BFD-1381E158C86A}.Debug|Any CPU.ActiveCfg = Debug|Any CPU
		{C5DE5C6C-F78F-4641-8BFD-1381E158C86A}.Debug|Any CPU.Build.0 = Debug|Any CPU
		{C5DE5C6C-F78F-4641-8BFD-1381E158C86A}.Release|Any CPU.ActiveCfg = Release|Any CPU
		{C5DE5C6C-F78F-4641-8BFD-1381E158C86A}.Release|Any CPU.Build.0 = Release|Any CPU
		{12062753-EDBF-4E3B-978C-BD5EC3EC2314}.Debug|Any CPU.ActiveCfg = Debug|Any CPU
		{12062753-EDBF-4E3B-978C-BD5EC3EC2314}.Debug|Any CPU.Build.0 = Debug|Any CPU
		{12062753-EDBF-4E3B-978C-BD5EC3EC2314}.Release|Any CPU.ActiveCfg = Release|Any CPU
		{12062753-EDBF-4E3B-978C-BD5EC3EC2314}.Release|Any CPU.Build.0 = Release|Any CPU
		{558B7FA9-6499-4995-97FE-26294D6C5808}.Debug|Any CPU.ActiveCfg = Debug|Any CPU
		{558B7FA9-6499-4995-97FE-26294D6C5808}.Debug|Any CPU.Build.0 = Debug|Any CPU
		{558B7FA9-6499-4995-97FE-26294D6C5808}.Release|Any CPU.ActiveCfg = Release|Any CPU
		{558B7FA9-6499-4995-97FE-26294D6C5808}.Release|Any CPU.Build.0 = Release|Any CPU
		{78345CEB-49E5-41E6-949D-5719E7732E29}.Debug|Any CPU.ActiveCfg = Debug|Any CPU
		{78345CEB-49E5-41E6-949D-5719E7732E29}.Debug|Any CPU.Build.0 = Debug|Any CPU
		{78345CEB-49E5-41E6-949D-5719E7732E29}.Release|Any CPU.ActiveCfg = Release|Any CPU
		{78345CEB-49E5-41E6-949D-5719E7732E29}.Release|Any CPU.Build.0 = Release|Any CPU
	EndGlobalSection
	GlobalSection(SolutionProperties) = preSolution
		HideSolutionNode = FALSE
	EndGlobalSection
	GlobalSection(NestedProjects) = preSolution
		{93C96336-0D37-4200-A08B-CB7EA689D9E1} = {EBC2BCEE-B44D-4115-A722-2633A810E452}
		{C5DE5C6C-F78F-4641-8BFD-1381E158C86A} = {EBC2BCEE-B44D-4115-A722-2633A810E452}
		{12062753-EDBF-4E3B-978C-BD5EC3EC2314} = {EBC2BCEE-B44D-4115-A722-2633A810E452}
		{558B7FA9-6499-4995-97FE-26294D6C5808} = {EBC2BCEE-B44D-4115-A722-2633A810E452}
		{78345CEB-49E5-41E6-949D-5719E7732E29} = {EBC2BCEE-B44D-4115-A722-2633A810E452}
	EndGlobalSection
	GlobalSection(ExtensibilityGlobals) = postSolution
		SolutionGuid = {37EBD4AC-834C-49DC-9F86-3C3DC4F781F6}
	EndGlobalSection
EndGlobal
